
Microsoft Visual Studio Solution File, Format Version 12.00
# Visual Studio Version 16
VisualStudioVersion = 16.0.29503.13
MinimumVisualStudioVersion = 10.0.40219.1
Project("{9A19103F-16F7-4668-BE54-9A1E7A4F7556}") = "XamBasePacket", "XamBasePacket\XamBasePacket.csproj", "{D9610432-AE1D-449A-B537-24050473FD9C}"
EndProject
Project("{9A19103F-16F7-4668-BE54-9A1E7A4F7556}") = "XamBasePacket.Tests", "XamBasePacket.Tests\XamBasePacket.Tests.csproj", "{668AD77C-5ABB-48E9-A591-ED4CE9E69FF8}"
EndProject
Global
	GlobalSection(SolutionConfigurationPlatforms) = preSolution
		Debug|Any CPU = Debug|Any CPU
		Release|Any CPU = Release|Any CPU
	EndGlobalSection
	GlobalSection(ProjectConfigurationPlatforms) = postSolution
		{D9610432-AE1D-449A-B537-24050473FD9C}.Debug|Any CPU.ActiveCfg = Debug|Any CPU
		{D9610432-AE1D-449A-B537-24050473FD9C}.Debug|Any CPU.Build.0 = Debug|Any CPU
		{D9610432-AE1D-449A-B537-24050473FD9C}.Release|Any CPU.ActiveCfg = Release|Any CPU
		{D9610432-AE1D-449A-B537-24050473FD9C}.Release|Any CPU.Build.0 = Release|Any CPU
		{668AD77C-5ABB-48E9-A591-ED4CE9E69FF8}.Debug|Any CPU.ActiveCfg = Debug|Any CPU
		{668AD77C-5ABB-48E9-A591-ED4CE9E69FF8}.Debug|Any CPU.Build.0 = Debug|Any CPU
		{668AD77C-5ABB-48E9-A591-ED4CE9E69FF8}.Release|Any CPU.ActiveCfg = Release|Any CPU
		{668AD77C-5ABB-48E9-A591-ED4CE9E69FF8}.Release|Any CPU.Build.0 = Release|Any CPU
	EndGlobalSection
	GlobalSection(SolutionProperties) = preSolution
		HideSolutionNode = FALSE
	EndGlobalSection
	GlobalSection(ExtensibilityGlobals) = postSolution
		SolutionGuid = {9B01E8F6-6C82-4A8C-BDCC-05FA71DCEDA0}
	EndGlobalSection
EndGlobal
